{
    "_meta": {
        "hash": {
            "sha256": "ebbfe3f6e269b1aa5c595caa78a96324928e10eaa3cf0ae3f180c6cdd00b1812"
        },
        "requires": {},
        "sources": [
            {
                "url": "https://pypi.python.org/simple",
                "verify_ssl": true
            }
        ]
    },
    "default": {
        "appdirs": {
            "hash": "sha256:d8b24664561d0d34ddfaec54636d502d7cea6e29c3eaf68f3df6180863e2166e",
            "version": "==1.4.3"
        },
        "backports.shutil-get-terminal-size": {
            "hash": "sha256:0975ba55054c15e346944b38956a4c9cbee9009391e41b86c68990effb8c1f64",
            "version": "==1.0.0"
        },
        "colorful": {
            "hash": "sha256:31ea88baf978b50c1d0ab5beadf64c4d67e8753ed9dc10f9f254acb977120b5e",
            "version": "==0.2.1"
        },
        "coverage": {
            "hash": "sha256:ca36d83cd591d027952e5019149c4386e7058cd674bf8cb52dc622f768d689e9",
            "version": "==4.3.4"
        },
        "decorator": {
            "hash": "sha256:73cbaadb8bc4e3c65fe1100773d56331a2d756cc0f5c7b9d8d5d5223fe04f600",
            "version": "==4.0.11"
        },
        "docopt": {
            "hash": "sha256:49b3a825280bd66b3aa83585ef59c4a8c82f2c8a522dbe754a8bc8d08c85c491",
            "version": "==0.6.2"
        },
        "enum34": {
            "hash": "sha256:6bd0f6ad48ec2aa117d3d141940d484deccda84d4fcd884f5c3d93c23ecd8c79",
            "version": "==1.1.6"
        },
        "ipython": {
            "hash": "sha256:fb342e89069c9ef176063b14888d7fe774253762f1eda19f09332f1440e6f3c7",
            "version": "==5.3.0"
        },
        "ipython-genutils": {
            "hash": "sha256:72dd37233799e619666c9f639a9da83c34013a73e8bbc79a7a6348d93c61fab8",
            "version": "==0.2.0"
        },
        "lxml": {
            "hash": "sha256:9fd1aef1e6d834e5191383bd1db7a0b56a564905ab9060e30ee6964aabbb905a",
            "version": "==3.7.3"
        },
        "packaging": {
            "hash": "sha256:99276dc6e3a7851f32027a68f1095cd3f77c148091b092ea867a351811cfe388",
            "version": "==16.8"
        },
        "parse": {
            "hash": "sha256:8b4f28bbe7c0f24981669ea92b2ba704ee63b5346027e82be30118bb5788ff10",
            "version": "==1.8.0"
        },
        "pathlib2": {
            "hash": "sha256:31b7bac38144612b18fb55adc4285e34a766ae64fdb1200c72e0b0cdd632ef4b",
            "version": "==2.2.1"
        },
        "pexpect": {
            "hash": "sha256:f853b52afaf3b064d29854771e2db509ef80392509bde2dd7a6ecf2dfc3f0018",
            "version": "==4.2.1"
        },
        "pickleshare": {
            "hash": "sha256:c9a2541f25aeabc070f12f452e1f2a8eae2abd51e1cd19e8430402bdf4c1d8b5",
            "version": "==0.7.4"
        },
        "prompt-toolkit": {
            "hash": "sha256:82c7f8e07d7a0411ff5367a5a8ff520f0112b9179f3e599ee8ad2ad9b943d911",
            "version": "==1.0.14"
        },
        "ptyprocess": {
            "hash": "sha256:464cb76f7a7122743dd25507650db89cd447c51f38e4671602b3eaa2e38e05ae",
            "version": "==0.5.1"
        },
        "pygments": {
            "hash": "sha256:78f3f434bcc5d6ee09020f92ba487f95ba50f1e3ef83ae96b9d5ffa1bab25c5d",
            "version": "==2.2.0"
        },
        "pyparsing": {
            "hash": "sha256:fee43f17a9c4087e7ed1605bd6df994c6173c1e977d7ade7b651292fab2bd010",
            "version": "==2.2.0"
        },
        "pysingleton": {
            "hash": "sha256:5776e7a4ba0bab26709da604f4e648c5814385fef34010723db3da0d41b0dbcc",
            "version": "==0.2.1"
        },
        "pyyaml": {
            "hash": "sha256:592766c6303207a20efc445587778322d7f73b161bd994f227adaa341ba212ab",
            "version": "==3.12"
        },
        "scandir": {
            "hash": "sha256:c2612d1a487d80fb4701b4a91ca1b8f8a695b1ae820570815e85e8c8b23f1283",
            "version": "==1.5"
        },
        "setuptools": {
            "hash": "sha256:e436d8c9dcf67ea8902bfa7cce1ef698f36bf303f13b4f62a5668891ecd380dd",
            "version": "==34.3.3"
        },
        "simplegeneric": {
            "hash": "sha256:dc972e06094b9af5b855b3df4a646395e43d1c9d0d39ed345b7393560d0b9173",
            "version": "==0.8.1"
        },
        "six": {
            "hash": "sha256:0ff78c403d9bccf5a425a6d31a12aa6b47f1c21ca4dc2573a7e2f32a97335eb1",
            "version": "==1.10.0"
        },
        "tag-expressions": {
            "hash": "sha256:1c0a49c3c0357976822b03c43db8d4a1c5548e16fb07ac939c10bbd5183f529d",
            "version": "==1.1.0"
        },
        "traitlets": {
            "hash": "sha256:c6cb5e6f57c5a9bdaa40fa71ce7b4af30298fbab9ece9815b5d995ab6217c7d9",
            "version": "==4.3.2"
        },
        "wcwidth": {
            "hash": "sha256:f4ebe71925af7b40a864553f761ed559b43544f8f71746c2d756c7fe788ade7c",
            "version": "==0.1.7"
        }
    },
    "develop": {
        "alabaster": {
            "hash": "sha256:2eef172f44e8d301d25aff8068fddd65f767a3f04b5f15b0f4922f113aa1c732",
            "version": "==0.7.10"
        },
        "appdirs": {
            "hash": "sha256:d8b24664561d0d34ddfaec54636d502d7cea6e29c3eaf68f3df6180863e2166e",
            "version": "==1.4.3"
        },
        "babel": {
            "hash": "sha256:e86ca5a3a6bb64b9bbb62b9dac37225ec0ab5dfaae3c2492ebd648266468042f",
            "version": "==2.4.0"
        },
        "colorama": {
            "hash": "sha256:a4c0f5bc358a62849653471e309dcc991223cf86abafbec17cd8f41327279e89",
            "version": "==0.3.7"
        },
        "docutils": {
            "hash": "sha256:de454f1015958450b72641165c08afe7023cd7e3944396448f2fb1b0ccba9d77",
            "version": "==0.13.1"
        },
        "funcsigs": {
            "hash": "sha256:330cc27ccbf7f1e992e69fef78261dc7c6569012cf397db8d3de0234e6c937ca",
            "version": "==1.0.2"
        },
        "imagesize": {
            "hash": "sha256:6ebdc9e0ad188f9d1b2cdd9bc59cbe42bf931875e829e7a595e6b3abdc05cdfb",
            "version": "==0.7.1"
        },
        "jinja2": {
            "hash": "sha256:2231bace0dfd8d2bf1e5d7e41239c06c9e0ded46e70cc1094a0aa64b0afeb054",
            "version": "==2.9.6"
        },
        "markupsafe": {
            "hash": "sha256:a6be69091dac236ea9c6bc7d012beab42010fa914c459791d627dad4910eb665",
            "version": "==1.0"
        },
        "mock": {
            "hash": "sha256:5ce3c71c5545b472da17b72268978914d0252980348636840bd34a00b5cc96c1",
            "version": "==2.0.0"
        },
        "nose": {
            "hash": "sha256:dadcddc0aefbf99eea214e0f1232b94f2fa9bd98fa8353711dacb112bfcbbb2a",
            "version": "==1.3.7"
        },
        "packaging": {
            "hash": "sha256:99276dc6e3a7851f32027a68f1095cd3f77c148091b092ea867a351811cfe388",
            "version": "==16.8"
        },
        "pbr": {
            "hash": "sha256:d9b69a26a5cb4e3898eb3c5cea54d2ab3332382167f04e30db5e1f54e1945e45",
            "version": "==2.0.0"
        },
        "pygments": {
            "hash": "sha256:78f3f434bcc5d6ee09020f92ba487f95ba50f1e3ef83ae96b9d5ffa1bab25c5d",
            "version": "==2.2.0"
        },
        "pyparsing": {
            "hash": "sha256:fee43f17a9c4087e7ed1605bd6df994c6173c1e977d7ade7b651292fab2bd010",
            "version": "==2.2.0"
        },
        "pytz": {
            "hash": "sha256:d1d6729c85acea5423671382868627129432fba9a89ecbb248d8d1c7a9f01c67",
            "version": "==2017.2"
        },
        "rednose": {
            "hash": "sha256:5aec6cde356a32a20271dcb4d24555463dd0e8ca9bf27791ed738999cf77a6cc",
            "version": "==1.2.2"
        },
        "requests": {
            "hash": "sha256:1a720e8862a41aa22e339373b526f508ef0c8988baf48b84d3fc891a8e237efb",
            "version": "==2.13.0"
        },
        "setuptools": {
            "hash": "sha256:e436d8c9dcf67ea8902bfa7cce1ef698f36bf303f13b4f62a5668891ecd380dd",
            "version": "==34.3.3"
        },
        "six": {
            "hash": "sha256:0ff78c403d9bccf5a425a6d31a12aa6b47f1c21ca4dc2573a7e2f32a97335eb1",
            "version": "==1.10.0"
        },
        "snowballstemmer": {
            "hash": "sha256:9f3bcd3c401c3e862ec0ebe6d2c069ebc012ce142cce209c098ccb5b09136e89",
            "version": "==1.2.1"
        },
        "sphinx": {
            "hash": "sha256:11f271e7a9398385ed730e90f0bb41dc3815294bdcd395b46ed2d033bc2e7d87",
            "version": "==1.5.5"
        },
        "sure": {
            "hash": "sha256:391c7de377bc87e502c1347879774393d90eb3586deff967940b3eceb3c53ec2",
            "version": "==1.4.5"
        },
        "termstyle": {
            "hash": "sha256:ef74b83698ea014112040cf32b1a093c1ab3d91c4dd18ecc03ec178fd99c9f9f",
            "version": "==0.1.11"
        }
    }
}